
Microsoft Visual Studio Solution File, Format Version 12.00
# Visual Studio Version 16
VisualStudioVersion = 16.0.29102.190
MinimumVisualStudioVersion = 10.0.40219.1
Project("{2150E333-8FDC-42A3-9474-1A3956D46DE8}") = "src", "src", "{A4871F8E-B9E1-4927-8B0E-C191FD2E8A25}"
EndProject
Project("{2150E333-8FDC-42A3-9474-1A3956D46DE8}") = "Solution Items", "Solution Items", "{128AF639-3CB9-45A5-8449-7339C2810218}"
	ProjectSection(SolutionItems) = preProject
		.editorconfig = .editorconfig
		global.json = global.json
		servers.bat = servers.bat
	EndProjectSection
EndProject
Project("{9A19103F-16F7-4668-BE54-9A1E7A4F7556}") = "CardHero.Core.Abstractions", "src\CardHero.Core.Abstractions\CardHero.Core.Abstractions.csproj", "{E8920830-F404-4823-BB11-59620591A32D}"
EndProject
Project("{9A19103F-16F7-4668-BE54-9A1E7A4F7556}") = "CardHero.Core.SqlServer", "src\CardHero.Core.SqlServer\CardHero.Core.SqlServer.csproj", "{C67F810B-06EE-46A3-92D7-4BEAE10F4104}"
EndProject
Project("{9A19103F-16F7-4668-BE54-9A1E7A4F7556}") = "CardHero.AspNetCore.Mvc.Helpers", "src\CardHero.AspNetCore.Mvc.Helpers\CardHero.AspNetCore.Mvc.Helpers.csproj", "{7EE02878-3B35-4070-B315-AF99B5740800}"
EndProject
Project("{9A19103F-16F7-4668-BE54-9A1E7A4F7556}") = "Debug.NetCoreApp", "apps\Debug.NetCoreApp\Debug.NetCoreApp.csproj", "{1575B740-A1B7-4743-BE6B-5122DE5184B4}"
EndProject
Project("{00D1A9C2-B5F0-4AF3-8072-F6C62B433612}") = "CardHero.Database.SqlServer", "databases\CardHero.Database.SqlServer\CardHero.Database.SqlServer.sqlproj", "{8060AFDA-F43C-4727-8ECB-2418D488ECDD}"
EndProject
Project("{2150E333-8FDC-42A3-9474-1A3956D46DE8}") = "databases", "databases", "{7873589A-4C80-4D59-86A7-E9080D9AE1C1}"
EndProject
Project("{9A19103F-16F7-4668-BE54-9A1E7A4F7556}") = "CardHero.AspNetCore.Mvc.Common", "src\CardHero.AspNetCore.Mvc.Common\CardHero.AspNetCore.Mvc.Common.csproj", "{B1007CC1-DC39-464F-B0C8-8B411D05C153}"
EndProject
Project("{9A19103F-16F7-4668-BE54-9A1E7A4F7556}") = "CardHero.AspNetCore.Mvc.TagHelpers", "src\CardHero.AspNetCore.Mvc.TagHelpers\CardHero.AspNetCore.Mvc.TagHelpers.csproj", "{9D990D6C-1319-4E6A-B526-2D688044EAC1}"
EndProject
Project("{9A19103F-16F7-4668-BE54-9A1E7A4F7556}") = "CardHero.NetCoreApp.Mvc", "apps\CardHero.NetCoreApp.Mvc\CardHero.NetCoreApp.Mvc.csproj", "{0BE2E05B-325D-481D-A7E2-8CBAC780678F}"
EndProject
Project("{2150E333-8FDC-42A3-9474-1A3956D46DE8}") = "shared", "shared", "{3FA74E7C-AA3C-4BE7-A1D1-05C90EF0EF4E}"
EndProject
Project("{9A19103F-16F7-4668-BE54-9A1E7A4F7556}") = "KwokKan.AspNetCore.Mvc.Sortable", "shared\KwokKan.AspNetCore.Mvc.Sortable\KwokKan.AspNetCore.Mvc.Sortable.csproj", "{5D70CA12-7BDA-4A8D-82AB-FA383E7FEB1B}"
EndProject
Project("{9A19103F-16F7-4668-BE54-9A1E7A4F7556}") = "KwokKan.Sortable", "shared\KwokKan.Sortable\KwokKan.Sortable.csproj", "{050A1E03-69EA-4977-B68F-3A0645919E3C}"
EndProject
Project("{2150E333-8FDC-42A3-9474-1A3956D46DE8}") = "apps", "apps", "{3F283EB3-43A5-4B64-801A-27D8D38D8D1A}"
EndProject
Project("{2150E333-8FDC-42A3-9474-1A3956D46DE8}") = "analyzers", "analyzers", "{A258BCC9-4E0C-4867-A19D-075AA4265F0D}"
	ProjectSection(SolutionItems) = preProject
		analyzers\stylecop.json = analyzers\stylecop.json
		analyzers\stylecop.ruleset = analyzers\stylecop.ruleset
	EndProjectSection
EndProject
Project("{9A19103F-16F7-4668-BE54-9A1E7A4F7556}") = "CardHero.Core.Models", "src\CardHero.Core.Models\CardHero.Core.Models.csproj", "{9D516B83-48CC-4EDA-ACE0-BB7E75EBAD14}"
EndProject
Project("{9A19103F-16F7-4668-BE54-9A1E7A4F7556}") = "CardHero.NetCoreApp.TypeScript", "apps\CardHero.NetCoreApp.TypeScript\CardHero.NetCoreApp.TypeScript.csproj", "{3182E7A7-448E-40DE-BB22-6394E486CD26}"
EndProject
Project("{9A19103F-16F7-4668-BE54-9A1E7A4F7556}") = "CardHero.Data.Abstractions", "src\CardHero.Data.Abstractions\CardHero.Data.Abstractions.csproj", "{7D571B76-AD8E-4434-9BFF-738513ACD6E7}"
EndProject
Project("{9A19103F-16F7-4668-BE54-9A1E7A4F7556}") = "CardHero.Data.SqlServer", "src\CardHero.Data.SqlServer\CardHero.Data.SqlServer.csproj", "{85101338-D3B8-4E4A-9C16-D0C9700D28F6}"
EndProject
Project("{9A19103F-16F7-4668-BE54-9A1E7A4F7556}") = "CardHero.Data.SqlServerGenerator", "src\CardHero.Data.SqlServerGenerator\CardHero.Data.SqlServerGenerator.csproj", "{5DFA6D89-1691-4A77-96A1-958B2D7EF2CD}"
EndProject
Project("{9A19103F-16F7-4668-BE54-9A1E7A4F7556}") = "CardHero.Data.SqlServer.DependencyInjection", "src\CardHero.Data.SqlServer.DependencyInjection\CardHero.Data.SqlServer.DependencyInjection.csproj", "{33ED1E2C-5C2E-4C73-B6B9-B2298125C2DA}"
EndProject
Project("{9A19103F-16F7-4668-BE54-9A1E7A4F7556}") = "CardHero.AspNetCore.Authentication.FileSystem", "src\CardHero.AspNetCore.Authentication.FileSystem\CardHero.AspNetCore.Authentication.FileSystem.csproj", "{9FEC7BAE-DE13-4D5D-BDE5-0CA9D8863189}"
EndProject
Global
	GlobalSection(SolutionConfigurationPlatforms) = preSolution
		Debug|Any CPU = Debug|Any CPU
		Release|Any CPU = Release|Any CPU
	EndGlobalSection
	GlobalSection(ProjectConfigurationPlatforms) = postSolution
		{E8920830-F404-4823-BB11-59620591A32D}.Debug|Any CPU.ActiveCfg = Debug|Any CPU
		{E8920830-F404-4823-BB11-59620591A32D}.Debug|Any CPU.Build.0 = Debug|Any CPU
		{E8920830-F404-4823-BB11-59620591A32D}.Release|Any CPU.ActiveCfg = Release|Any CPU
		{E8920830-F404-4823-BB11-59620591A32D}.Release|Any CPU.Build.0 = Release|Any CPU
		{C67F810B-06EE-46A3-92D7-4BEAE10F4104}.Debug|Any CPU.ActiveCfg = Debug|Any CPU
		{C67F810B-06EE-46A3-92D7-4BEAE10F4104}.Debug|Any CPU.Build.0 = Debug|Any CPU
		{C67F810B-06EE-46A3-92D7-4BEAE10F4104}.Release|Any CPU.ActiveCfg = Release|Any CPU
		{C67F810B-06EE-46A3-92D7-4BEAE10F4104}.Release|Any CPU.Build.0 = Release|Any CPU
		{7EE02878-3B35-4070-B315-AF99B5740800}.Debug|Any CPU.ActiveCfg = Debug|Any CPU
		{7EE02878-3B35-4070-B315-AF99B5740800}.Debug|Any CPU.Build.0 = Debug|Any CPU
		{7EE02878-3B35-4070-B315-AF99B5740800}.Release|Any CPU.ActiveCfg = Release|Any CPU
		{7EE02878-3B35-4070-B315-AF99B5740800}.Release|Any CPU.Build.0 = Release|Any CPU
		{1575B740-A1B7-4743-BE6B-5122DE5184B4}.Debug|Any CPU.ActiveCfg = Debug|Any CPU
		{1575B740-A1B7-4743-BE6B-5122DE5184B4}.Debug|Any CPU.Build.0 = Debug|Any CPU
		{1575B740-A1B7-4743-BE6B-5122DE5184B4}.Release|Any CPU.ActiveCfg = Release|Any CPU
		{1575B740-A1B7-4743-BE6B-5122DE5184B4}.Release|Any CPU.Build.0 = Release|Any CPU
		{8060AFDA-F43C-4727-8ECB-2418D488ECDD}.Debug|Any CPU.ActiveCfg = Debug|Any CPU
		{8060AFDA-F43C-4727-8ECB-2418D488ECDD}.Debug|Any CPU.Build.0 = Debug|Any CPU
		{8060AFDA-F43C-4727-8ECB-2418D488ECDD}.Debug|Any CPU.Deploy.0 = Debug|Any CPU
		{8060AFDA-F43C-4727-8ECB-2418D488ECDD}.Release|Any CPU.ActiveCfg = Release|Any CPU
		{8060AFDA-F43C-4727-8ECB-2418D488ECDD}.Release|Any CPU.Build.0 = Release|Any CPU
		{8060AFDA-F43C-4727-8ECB-2418D488ECDD}.Release|Any CPU.Deploy.0 = Release|Any CPU
		{B1007CC1-DC39-464F-B0C8-8B411D05C153}.Debug|Any CPU.ActiveCfg = Debug|Any CPU
		{B1007CC1-DC39-464F-B0C8-8B411D05C153}.Debug|Any CPU.Build.0 = Debug|Any CPU
		{B1007CC1-DC39-464F-B0C8-8B411D05C153}.Release|Any CPU.ActiveCfg = Release|Any CPU
		{B1007CC1-DC39-464F-B0C8-8B411D05C153}.Release|Any CPU.Build.0 = Release|Any CPU
		{9D990D6C-1319-4E6A-B526-2D688044EAC1}.Debug|Any CPU.ActiveCfg = Debug|Any CPU
		{9D990D6C-1319-4E6A-B526-2D688044EAC1}.Debug|Any CPU.Build.0 = Debug|Any CPU
		{9D990D6C-1319-4E6A-B526-2D688044EAC1}.Release|Any CPU.ActiveCfg = Release|Any CPU
		{9D990D6C-1319-4E6A-B526-2D688044EAC1}.Release|Any CPU.Build.0 = Release|Any CPU
		{0BE2E05B-325D-481D-A7E2-8CBAC780678F}.Debug|Any CPU.ActiveCfg = Debug|Any CPU
		{0BE2E05B-325D-481D-A7E2-8CBAC780678F}.Debug|Any CPU.Build.0 = Debug|Any CPU
		{0BE2E05B-325D-481D-A7E2-8CBAC780678F}.Release|Any CPU.ActiveCfg = Release|Any CPU
		{0BE2E05B-325D-481D-A7E2-8CBAC780678F}.Release|Any CPU.Build.0 = Release|Any CPU
		{5D70CA12-7BDA-4A8D-82AB-FA383E7FEB1B}.Debug|Any CPU.ActiveCfg = Debug|Any CPU
		{5D70CA12-7BDA-4A8D-82AB-FA383E7FEB1B}.Debug|Any CPU.Build.0 = Debug|Any CPU
		{5D70CA12-7BDA-4A8D-82AB-FA383E7FEB1B}.Release|Any CPU.ActiveCfg = Release|Any CPU
		{5D70CA12-7BDA-4A8D-82AB-FA383E7FEB1B}.Release|Any CPU.Build.0 = Release|Any CPU
		{050A1E03-69EA-4977-B68F-3A0645919E3C}.Debug|Any CPU.ActiveCfg = Debug|Any CPU
		{050A1E03-69EA-4977-B68F-3A0645919E3C}.Debug|Any CPU.Build.0 = Debug|Any CPU
		{050A1E03-69EA-4977-B68F-3A0645919E3C}.Release|Any CPU.ActiveCfg = Release|Any CPU
		{050A1E03-69EA-4977-B68F-3A0645919E3C}.Release|Any CPU.Build.0 = Release|Any CPU
		{9D516B83-48CC-4EDA-ACE0-BB7E75EBAD14}.Debug|Any CPU.ActiveCfg = Debug|Any CPU
		{9D516B83-48CC-4EDA-ACE0-BB7E75EBAD14}.Debug|Any CPU.Build.0 = Debug|Any CPU
		{9D516B83-48CC-4EDA-ACE0-BB7E75EBAD14}.Release|Any CPU.ActiveCfg = Release|Any CPU
		{9D516B83-48CC-4EDA-ACE0-BB7E75EBAD14}.Release|Any CPU.Build.0 = Release|Any CPU
		{3182E7A7-448E-40DE-BB22-6394E486CD26}.Debug|Any CPU.ActiveCfg = Debug|Any CPU
		{3182E7A7-448E-40DE-BB22-6394E486CD26}.Debug|Any CPU.Build.0 = Debug|Any CPU
		{3182E7A7-448E-40DE-BB22-6394E486CD26}.Release|Any CPU.ActiveCfg = Release|Any CPU
		{3182E7A7-448E-40DE-BB22-6394E486CD26}.Release|Any CPU.Build.0 = Release|Any CPU
		{7D571B76-AD8E-4434-9BFF-738513ACD6E7}.Debug|Any CPU.ActiveCfg = Debug|Any CPU
		{7D571B76-AD8E-4434-9BFF-738513ACD6E7}.Debug|Any CPU.Build.0 = Debug|Any CPU
		{7D571B76-AD8E-4434-9BFF-738513ACD6E7}.Release|Any CPU.ActiveCfg = Release|Any CPU
		{7D571B76-AD8E-4434-9BFF-738513ACD6E7}.Release|Any CPU.Build.0 = Release|Any CPU
		{85101338-D3B8-4E4A-9C16-D0C9700D28F6}.Debug|Any CPU.ActiveCfg = Debug|Any CPU
		{85101338-D3B8-4E4A-9C16-D0C9700D28F6}.Debug|Any CPU.Build.0 = Debug|Any CPU
		{85101338-D3B8-4E4A-9C16-D0C9700D28F6}.Release|Any CPU.ActiveCfg = Release|Any CPU
		{85101338-D3B8-4E4A-9C16-D0C9700D28F6}.Release|Any CPU.Build.0 = Release|Any CPU
		{5DFA6D89-1691-4A77-96A1-958B2D7EF2CD}.Debug|Any CPU.ActiveCfg = Debug|Any CPU
		{5DFA6D89-1691-4A77-96A1-958B2D7EF2CD}.Debug|Any CPU.Build.0 = Debug|Any CPU
		{5DFA6D89-1691-4A77-96A1-958B2D7EF2CD}.Release|Any CPU.ActiveCfg = Release|Any CPU
		{5DFA6D89-1691-4A77-96A1-958B2D7EF2CD}.Release|Any CPU.Build.0 = Release|Any CPU
		{33ED1E2C-5C2E-4C73-B6B9-B2298125C2DA}.Debug|Any CPU.ActiveCfg = Debug|Any CPU
		{33ED1E2C-5C2E-4C73-B6B9-B2298125C2DA}.Debug|Any CPU.Build.0 = Debug|Any CPU
		{33ED1E2C-5C2E-4C73-B6B9-B2298125C2DA}.Release|Any CPU.ActiveCfg = Release|Any CPU
		{33ED1E2C-5C2E-4C73-B6B9-B2298125C2DA}.Release|Any CPU.Build.0 = Release|Any CPU
		{9FEC7BAE-DE13-4D5D-BDE5-0CA9D8863189}.Debug|Any CPU.ActiveCfg = Debug|Any CPU
		{9FEC7BAE-DE13-4D5D-BDE5-0CA9D8863189}.Debug|Any CPU.Build.0 = Debug|Any CPU
		{9FEC7BAE-DE13-4D5D-BDE5-0CA9D8863189}.Release|Any CPU.ActiveCfg = Release|Any CPU
		{9FEC7BAE-DE13-4D5D-BDE5-0CA9D8863189}.Release|Any CPU.Build.0 = Release|Any CPU
	EndGlobalSection
	GlobalSection(SolutionProperties) = preSolution
		HideSolutionNode = FALSE
	EndGlobalSection
	GlobalSection(NestedProjects) = preSolution
		{E8920830-F404-4823-BB11-59620591A32D} = {A4871F8E-B9E1-4927-8B0E-C191FD2E8A25}
		{C67F810B-06EE-46A3-92D7-4BEAE10F4104} = {A4871F8E-B9E1-4927-8B0E-C191FD2E8A25}
		{7EE02878-3B35-4070-B315-AF99B5740800} = {A4871F8E-B9E1-4927-8B0E-C191FD2E8A25}
		{1575B740-A1B7-4743-BE6B-5122DE5184B4} = {3F283EB3-43A5-4B64-801A-27D8D38D8D1A}
		{8060AFDA-F43C-4727-8ECB-2418D488ECDD} = {7873589A-4C80-4D59-86A7-E9080D9AE1C1}
		{B1007CC1-DC39-464F-B0C8-8B411D05C153} = {A4871F8E-B9E1-4927-8B0E-C191FD2E8A25}
		{9D990D6C-1319-4E6A-B526-2D688044EAC1} = {A4871F8E-B9E1-4927-8B0E-C191FD2E8A25}
		{0BE2E05B-325D-481D-A7E2-8CBAC780678F} = {3F283EB3-43A5-4B64-801A-27D8D38D8D1A}
		{5D70CA12-7BDA-4A8D-82AB-FA383E7FEB1B} = {3FA74E7C-AA3C-4BE7-A1D1-05C90EF0EF4E}
		{050A1E03-69EA-4977-B68F-3A0645919E3C} = {3FA74E7C-AA3C-4BE7-A1D1-05C90EF0EF4E}
		{9D516B83-48CC-4EDA-ACE0-BB7E75EBAD14} = {A4871F8E-B9E1-4927-8B0E-C191FD2E8A25}
		{3182E7A7-448E-40DE-BB22-6394E486CD26} = {3F283EB3-43A5-4B64-801A-27D8D38D8D1A}
		{7D571B76-AD8E-4434-9BFF-738513ACD6E7} = {A4871F8E-B9E1-4927-8B0E-C191FD2E8A25}
		{85101338-D3B8-4E4A-9C16-D0C9700D28F6} = {A4871F8E-B9E1-4927-8B0E-C191FD2E8A25}
		{5DFA6D89-1691-4A77-96A1-958B2D7EF2CD} = {A4871F8E-B9E1-4927-8B0E-C191FD2E8A25}
		{33ED1E2C-5C2E-4C73-B6B9-B2298125C2DA} = {A4871F8E-B9E1-4927-8B0E-C191FD2E8A25}
		{9FEC7BAE-DE13-4D5D-BDE5-0CA9D8863189} = {A4871F8E-B9E1-4927-8B0E-C191FD2E8A25}
	EndGlobalSection
	GlobalSection(ExtensibilityGlobals) = postSolution
		SolutionGuid = {E6E117CB-BCCA-4426-B653-65D15CEA4F96}
	EndGlobalSection
EndGlobal
