
Microsoft Visual Studio Solution File, Format Version 12.00
# Visual Studio Version 16
VisualStudioVersion = 16.0.29102.190
MinimumVisualStudioVersion = 10.0.40219.1
Project("{00D1A9C2-B5F0-4AF3-8072-F6C62B433612}") = "CardHero.Database.SqlServer", "databases\CardHero.Database.SqlServer\CardHero.Database.SqlServer.sqlproj", "{8060AFDA-F43C-4727-8ECB-2418D488ECDD}"
EndProject
Project("{2150E333-8FDC-42A3-9474-1A3956D46DE8}") = "databases", "databases", "{7873589A-4C80-4D59-86A7-E9080D9AE1C1}"
EndProject
Project("{2150E333-8FDC-42A3-9474-1A3956D46DE8}") = "src", "src", "{01F16049-1E6D-490B-8BAE-D8408B4E2DAC}"
EndProject
Project("{9A19103F-16F7-4668-BE54-9A1E7A4F7556}") = "CardHero.Data.PostgreSql", "src\CardHero.Data.PostgreSql\CardHero.Data.PostgreSql.csproj", "{6CB50885-7C5B-46C7-A0DA-52A1479432C4}"
EndProject
Project("{9A19103F-16F7-4668-BE54-9A1E7A4F7556}") = "CardHero.Data.SqlServer", "src\CardHero.Data.SqlServer\CardHero.Data.SqlServer.csproj", "{E0E22DFD-3252-44E3-A39C-62CDF3DE1A22}"
EndProject
Project("{9A19103F-16F7-4668-BE54-9A1E7A4F7556}") = "CardHero.Data.PostgreSqlGenerator", "src\CardHero.Data.PostgreSqlGenerator\CardHero.Data.PostgreSqlGenerator.csproj", "{34AFECA4-7F8E-401C-B6A6-87AD5B432927}"
EndProject
Project("{9A19103F-16F7-4668-BE54-9A1E7A4F7556}") = "CardHero.Data.SqlServerGenerator", "src\CardHero.Data.SqlServerGenerator\CardHero.Data.SqlServerGenerator.csproj", "{E3B56E5C-D140-42AC-B632-57C810804FB0}"
EndProject
Global
	GlobalSection(SolutionConfigurationPlatforms) = preSolution
		Debug|Any CPU = Debug|Any CPU
		Release|Any CPU = Release|Any CPU
	EndGlobalSection
	GlobalSection(ProjectConfigurationPlatforms) = postSolution
		{8060AFDA-F43C-4727-8ECB-2418D488ECDD}.Debug|Any CPU.ActiveCfg = Debug|Any CPU
		{8060AFDA-F43C-4727-8ECB-2418D488ECDD}.Debug|Any CPU.Build.0 = Debug|Any CPU
		{8060AFDA-F43C-4727-8ECB-2418D488ECDD}.Debug|Any CPU.Deploy.0 = Debug|Any CPU
		{8060AFDA-F43C-4727-8ECB-2418D488ECDD}.Release|Any CPU.ActiveCfg = Release|Any CPU
		{8060AFDA-F43C-4727-8ECB-2418D488ECDD}.Release|Any CPU.Build.0 = Release|Any CPU
		{8060AFDA-F43C-4727-8ECB-2418D488ECDD}.Release|Any CPU.Deploy.0 = Release|Any CPU
		{6CB50885-7C5B-46C7-A0DA-52A1479432C4}.Debug|Any CPU.ActiveCfg = Debug|Any CPU
		{6CB50885-7C5B-46C7-A0DA-52A1479432C4}.Debug|Any CPU.Build.0 = Debug|Any CPU
		{6CB50885-7C5B-46C7-A0DA-52A1479432C4}.Release|Any CPU.ActiveCfg = Release|Any CPU
		{6CB50885-7C5B-46C7-A0DA-52A1479432C4}.Release|Any CPU.Build.0 = Release|Any CPU
		{E0E22DFD-3252-44E3-A39C-62CDF3DE1A22}.Debug|Any CPU.ActiveCfg = Debug|Any CPU
		{E0E22DFD-3252-44E3-A39C-62CDF3DE1A22}.Debug|Any CPU.Build.0 = Debug|Any CPU
		{E0E22DFD-3252-44E3-A39C-62CDF3DE1A22}.Release|Any CPU.ActiveCfg = Release|Any CPU
		{E0E22DFD-3252-44E3-A39C-62CDF3DE1A22}.Release|Any CPU.Build.0 = Release|Any CPU
		{34AFECA4-7F8E-401C-B6A6-87AD5B432927}.Debug|Any CPU.ActiveCfg = Debug|Any CPU
		{34AFECA4-7F8E-401C-B6A6-87AD5B432927}.Debug|Any CPU.Build.0 = Debug|Any CPU
		{34AFECA4-7F8E-401C-B6A6-87AD5B432927}.Release|Any CPU.ActiveCfg = Release|Any CPU
		{34AFECA4-7F8E-401C-B6A6-87AD5B432927}.Release|Any CPU.Build.0 = Release|Any CPU
		{E3B56E5C-D140-42AC-B632-57C810804FB0}.Debug|Any CPU.ActiveCfg = Debug|Any CPU
		{E3B56E5C-D140-42AC-B632-57C810804FB0}.Debug|Any CPU.Build.0 = Debug|Any CPU
		{E3B56E5C-D140-42AC-B632-57C810804FB0}.Release|Any CPU.ActiveCfg = Release|Any CPU
		{E3B56E5C-D140-42AC-B632-57C810804FB0}.Release|Any CPU.Build.0 = Release|Any CPU
	EndGlobalSection
	GlobalSection(SolutionProperties) = preSolution
		HideSolutionNode = FALSE
	EndGlobalSection
	GlobalSection(NestedProjects) = preSolution
		{8060AFDA-F43C-4727-8ECB-2418D488ECDD} = {7873589A-4C80-4D59-86A7-E9080D9AE1C1}
		{6CB50885-7C5B-46C7-A0DA-52A1479432C4} = {01F16049-1E6D-490B-8BAE-D8408B4E2DAC}
		{E0E22DFD-3252-44E3-A39C-62CDF3DE1A22} = {01F16049-1E6D-490B-8BAE-D8408B4E2DAC}
		{34AFECA4-7F8E-401C-B6A6-87AD5B432927} = {01F16049-1E6D-490B-8BAE-D8408B4E2DAC}
		{E3B56E5C-D140-42AC-B632-57C810804FB0} = {01F16049-1E6D-490B-8BAE-D8408B4E2DAC}
	EndGlobalSection
	GlobalSection(ExtensibilityGlobals) = postSolution
		SolutionGuid = {E6E117CB-BCCA-4426-B653-65D15CEA4F96}
	EndGlobalSection
EndGlobal
