
Microsoft Visual Studio Solution File, Format Version 12.00
# Visual Studio Version 17
VisualStudioVersion = 17.0.32002.185
MinimumVisualStudioVersion = 10.0.40219.1
Project("{2150E333-8FDC-42A3-9474-1A3956D46DE8}") = "src", "src", "{A4871F8E-B9E1-4927-8B0E-C191FD2E8A25}"
EndProject
Project("{2150E333-8FDC-42A3-9474-1A3956D46DE8}") = "Solution Items", "Solution Items", "{128AF639-3CB9-45A5-8449-7339C2810218}"
	ProjectSection(SolutionItems) = preProject
		.bettercodehub.yml = .bettercodehub.yml
		.editorconfig = .editorconfig
		.travis.yml = .travis.yml
		azure-pipelines.yml = azure-pipelines.yml
		codecov.yml = codecov.yml
		.github\workflows\codeql-analysis.yml = .github\workflows\codeql-analysis.yml
		.circleci\config.yml = .circleci\config.yml
		.github\dependabot.yml = .github\dependabot.yml
		.github\workflows\dotnetcore.yml = .github\workflows\dotnetcore.yml
		.guardrails\ignore = .guardrails\ignore
		lgtm.yml = lgtm.yml
		README.md = README.md
		renovate.json = renovate.json
	EndProjectSection
EndProject
Project("{9A19103F-16F7-4668-BE54-9A1E7A4F7556}") = "CardHero.Core.Abstractions", "src\CardHero.Core.Abstractions\CardHero.Core.Abstractions.csproj", "{E8920830-F404-4823-BB11-59620591A32D}"
EndProject
Project("{9A19103F-16F7-4668-BE54-9A1E7A4F7556}") = "CardHero.Core.SqlServer", "src\CardHero.Core.SqlServer\CardHero.Core.SqlServer.csproj", "{C67F810B-06EE-46A3-92D7-4BEAE10F4104}"
EndProject
Project("{9A19103F-16F7-4668-BE54-9A1E7A4F7556}") = "CardHero.Frontend.React", "apps\CardHero.Frontend.React\CardHero.Frontend.React.csproj", "{1575B740-A1B7-4743-BE6B-5122DE5184B4}"
EndProject
Project("{2150E333-8FDC-42A3-9474-1A3956D46DE8}") = "apps", "apps", "{3F283EB3-43A5-4B64-801A-27D8D38D8D1A}"
EndProject
Project("{2150E333-8FDC-42A3-9474-1A3956D46DE8}") = "analyzers", "analyzers", "{A258BCC9-4E0C-4867-A19D-075AA4265F0D}"
	ProjectSection(SolutionItems) = preProject
		analyzers\stylecop.json = analyzers\stylecop.json
		analyzers\stylecop.ruleset = analyzers\stylecop.ruleset
	EndProjectSection
EndProject
Project("{9A19103F-16F7-4668-BE54-9A1E7A4F7556}") = "CardHero.Core.Models", "src\CardHero.Core.Models\CardHero.Core.Models.csproj", "{9D516B83-48CC-4EDA-ACE0-BB7E75EBAD14}"
EndProject
Project("{9A19103F-16F7-4668-BE54-9A1E7A4F7556}") = "CardHero.NetCoreApp.TypeScript", "apps\CardHero.NetCoreApp.TypeScript\CardHero.NetCoreApp.TypeScript.csproj", "{3182E7A7-448E-40DE-BB22-6394E486CD26}"
EndProject
Project("{9A19103F-16F7-4668-BE54-9A1E7A4F7556}") = "CardHero.Data.Abstractions", "src\CardHero.Data.Abstractions\CardHero.Data.Abstractions.csproj", "{7D571B76-AD8E-4434-9BFF-738513ACD6E7}"
EndProject
Project("{9A19103F-16F7-4668-BE54-9A1E7A4F7556}") = "CardHero.Data.SqlServer", "src\CardHero.Data.SqlServer\CardHero.Data.SqlServer.csproj", "{85101338-D3B8-4E4A-9C16-D0C9700D28F6}"
EndProject
Project("{9A19103F-16F7-4668-BE54-9A1E7A4F7556}") = "CardHero.AspNetCore.Authentication.FileSystem", "src\CardHero.AspNetCore.Authentication.FileSystem\CardHero.AspNetCore.Authentication.FileSystem.csproj", "{9FEC7BAE-DE13-4D5D-BDE5-0CA9D8863189}"
EndProject
Project("{9A19103F-16F7-4668-BE54-9A1E7A4F7556}") = "CardHero.Core.SqlServer.Tests", "tests\CardHero.Core.SqlServer.Tests\CardHero.Core.SqlServer.Tests.csproj", "{162E92B1-40CA-4244-A32F-A918E5D65DA1}"
EndProject
Project("{2150E333-8FDC-42A3-9474-1A3956D46DE8}") = "tests", "tests", "{A95F93E1-F03C-4134-9E67-EE00F80C9ECD}"
EndProject
Project("{2150E333-8FDC-42A3-9474-1A3956D46DE8}") = "scripts", "scripts", "{B5A3C589-C3ED-4F7E-944A-69AE13D70284}"
	ProjectSection(SolutionItems) = preProject
		scripts\codecov.sh = scripts\codecov.sh
	EndProjectSection
EndProject
Project("{9A19103F-16F7-4668-BE54-9A1E7A4F7556}") = "CardHero.NetCoreApp.IntegrationTests", "tests\CardHero.NetCoreApp.IntegrationTests\CardHero.NetCoreApp.IntegrationTests.csproj", "{C6B4F625-355E-4D7D-AAA2-6CC011082C29}"
EndProject
Project("{9A19103F-16F7-4668-BE54-9A1E7A4F7556}") = "CardHero.Data.PostgreSql", "src\CardHero.Data.PostgreSql\CardHero.Data.PostgreSql.csproj", "{CE4AE1EF-0238-4BDE-9125-172AA5EFF349}"
EndProject
Global
	GlobalSection(SolutionConfigurationPlatforms) = preSolution
		Debug|Any CPU = Debug|Any CPU
		Release|Any CPU = Release|Any CPU
	EndGlobalSection
	GlobalSection(ProjectConfigurationPlatforms) = postSolution
		{E8920830-F404-4823-BB11-59620591A32D}.Debug|Any CPU.ActiveCfg = Debug|Any CPU
		{E8920830-F404-4823-BB11-59620591A32D}.Debug|Any CPU.Build.0 = Debug|Any CPU
		{E8920830-F404-4823-BB11-59620591A32D}.Release|Any CPU.ActiveCfg = Release|Any CPU
		{E8920830-F404-4823-BB11-59620591A32D}.Release|Any CPU.Build.0 = Release|Any CPU
		{C67F810B-06EE-46A3-92D7-4BEAE10F4104}.Debug|Any CPU.ActiveCfg = Debug|Any CPU
		{C67F810B-06EE-46A3-92D7-4BEAE10F4104}.Debug|Any CPU.Build.0 = Debug|Any CPU
		{C67F810B-06EE-46A3-92D7-4BEAE10F4104}.Release|Any CPU.ActiveCfg = Release|Any CPU
		{C67F810B-06EE-46A3-92D7-4BEAE10F4104}.Release|Any CPU.Build.0 = Release|Any CPU
		{1575B740-A1B7-4743-BE6B-5122DE5184B4}.Debug|Any CPU.ActiveCfg = Debug|Any CPU
		{1575B740-A1B7-4743-BE6B-5122DE5184B4}.Debug|Any CPU.Build.0 = Debug|Any CPU
		{1575B740-A1B7-4743-BE6B-5122DE5184B4}.Release|Any CPU.ActiveCfg = Release|Any CPU
		{1575B740-A1B7-4743-BE6B-5122DE5184B4}.Release|Any CPU.Build.0 = Release|Any CPU
		{9D516B83-48CC-4EDA-ACE0-BB7E75EBAD14}.Debug|Any CPU.ActiveCfg = Debug|Any CPU
		{9D516B83-48CC-4EDA-ACE0-BB7E75EBAD14}.Debug|Any CPU.Build.0 = Debug|Any CPU
		{9D516B83-48CC-4EDA-ACE0-BB7E75EBAD14}.Release|Any CPU.ActiveCfg = Release|Any CPU
		{9D516B83-48CC-4EDA-ACE0-BB7E75EBAD14}.Release|Any CPU.Build.0 = Release|Any CPU
		{3182E7A7-448E-40DE-BB22-6394E486CD26}.Debug|Any CPU.ActiveCfg = Debug|Any CPU
		{3182E7A7-448E-40DE-BB22-6394E486CD26}.Debug|Any CPU.Build.0 = Debug|Any CPU
		{3182E7A7-448E-40DE-BB22-6394E486CD26}.Release|Any CPU.ActiveCfg = Release|Any CPU
		{3182E7A7-448E-40DE-BB22-6394E486CD26}.Release|Any CPU.Build.0 = Release|Any CPU
		{7D571B76-AD8E-4434-9BFF-738513ACD6E7}.Debug|Any CPU.ActiveCfg = Debug|Any CPU
		{7D571B76-AD8E-4434-9BFF-738513ACD6E7}.Debug|Any CPU.Build.0 = Debug|Any CPU
		{7D571B76-AD8E-4434-9BFF-738513ACD6E7}.Release|Any CPU.ActiveCfg = Release|Any CPU
		{7D571B76-AD8E-4434-9BFF-738513ACD6E7}.Release|Any CPU.Build.0 = Release|Any CPU
		{85101338-D3B8-4E4A-9C16-D0C9700D28F6}.Debug|Any CPU.ActiveCfg = Debug|Any CPU
		{85101338-D3B8-4E4A-9C16-D0C9700D28F6}.Debug|Any CPU.Build.0 = Debug|Any CPU
		{85101338-D3B8-4E4A-9C16-D0C9700D28F6}.Release|Any CPU.ActiveCfg = Release|Any CPU
		{85101338-D3B8-4E4A-9C16-D0C9700D28F6}.Release|Any CPU.Build.0 = Release|Any CPU
		{9FEC7BAE-DE13-4D5D-BDE5-0CA9D8863189}.Debug|Any CPU.ActiveCfg = Debug|Any CPU
		{9FEC7BAE-DE13-4D5D-BDE5-0CA9D8863189}.Debug|Any CPU.Build.0 = Debug|Any CPU
		{9FEC7BAE-DE13-4D5D-BDE5-0CA9D8863189}.Release|Any CPU.ActiveCfg = Release|Any CPU
		{9FEC7BAE-DE13-4D5D-BDE5-0CA9D8863189}.Release|Any CPU.Build.0 = Release|Any CPU
		{162E92B1-40CA-4244-A32F-A918E5D65DA1}.Debug|Any CPU.ActiveCfg = Debug|Any CPU
		{162E92B1-40CA-4244-A32F-A918E5D65DA1}.Debug|Any CPU.Build.0 = Debug|Any CPU
		{162E92B1-40CA-4244-A32F-A918E5D65DA1}.Release|Any CPU.ActiveCfg = Release|Any CPU
		{162E92B1-40CA-4244-A32F-A918E5D65DA1}.Release|Any CPU.Build.0 = Release|Any CPU
		{C6B4F625-355E-4D7D-AAA2-6CC011082C29}.Debug|Any CPU.ActiveCfg = Debug|Any CPU
		{C6B4F625-355E-4D7D-AAA2-6CC011082C29}.Debug|Any CPU.Build.0 = Debug|Any CPU
		{C6B4F625-355E-4D7D-AAA2-6CC011082C29}.Release|Any CPU.ActiveCfg = Release|Any CPU
		{C6B4F625-355E-4D7D-AAA2-6CC011082C29}.Release|Any CPU.Build.0 = Release|Any CPU
		{CE4AE1EF-0238-4BDE-9125-172AA5EFF349}.Debug|Any CPU.ActiveCfg = Debug|Any CPU
		{CE4AE1EF-0238-4BDE-9125-172AA5EFF349}.Debug|Any CPU.Build.0 = Debug|Any CPU
		{CE4AE1EF-0238-4BDE-9125-172AA5EFF349}.Release|Any CPU.ActiveCfg = Release|Any CPU
		{CE4AE1EF-0238-4BDE-9125-172AA5EFF349}.Release|Any CPU.Build.0 = Release|Any CPU
	EndGlobalSection
	GlobalSection(SolutionProperties) = preSolution
		HideSolutionNode = FALSE
	EndGlobalSection
	GlobalSection(NestedProjects) = preSolution
		{E8920830-F404-4823-BB11-59620591A32D} = {A4871F8E-B9E1-4927-8B0E-C191FD2E8A25}
		{C67F810B-06EE-46A3-92D7-4BEAE10F4104} = {A4871F8E-B9E1-4927-8B0E-C191FD2E8A25}
		{1575B740-A1B7-4743-BE6B-5122DE5184B4} = {3F283EB3-43A5-4B64-801A-27D8D38D8D1A}
		{9D516B83-48CC-4EDA-ACE0-BB7E75EBAD14} = {A4871F8E-B9E1-4927-8B0E-C191FD2E8A25}
		{3182E7A7-448E-40DE-BB22-6394E486CD26} = {3F283EB3-43A5-4B64-801A-27D8D38D8D1A}
		{7D571B76-AD8E-4434-9BFF-738513ACD6E7} = {A4871F8E-B9E1-4927-8B0E-C191FD2E8A25}
		{85101338-D3B8-4E4A-9C16-D0C9700D28F6} = {A4871F8E-B9E1-4927-8B0E-C191FD2E8A25}
		{9FEC7BAE-DE13-4D5D-BDE5-0CA9D8863189} = {A4871F8E-B9E1-4927-8B0E-C191FD2E8A25}
		{162E92B1-40CA-4244-A32F-A918E5D65DA1} = {A95F93E1-F03C-4134-9E67-EE00F80C9ECD}
		{C6B4F625-355E-4D7D-AAA2-6CC011082C29} = {A95F93E1-F03C-4134-9E67-EE00F80C9ECD}
		{CE4AE1EF-0238-4BDE-9125-172AA5EFF349} = {A4871F8E-B9E1-4927-8B0E-C191FD2E8A25}
	EndGlobalSection
	GlobalSection(ExtensibilityGlobals) = postSolution
		SolutionGuid = {E6E117CB-BCCA-4426-B653-65D15CEA4F96}
	EndGlobalSection
EndGlobal
